
Microsoft Visual Studio Solution File, Format Version 12.00
# Visual Studio 15
VisualStudioVersion = 15.0.27703.2042
MinimumVisualStudioVersion = 10.0.40219.1
Project("{FAE04EC0-301F-11D3-BF4B-00C04F79EFBC}") = "ACTest.Android", "ACTest\ACTest.Android\ACTest.Android.csproj", "{559B9F39-4237-4EB4-A243-9F9C40828FD1}"
EndProject
Project("{FAE04EC0-301F-11D3-BF4B-00C04F79EFBC}") = "ACTest.iOS", "ACTest\ACTest.iOS\ACTest.iOS.csproj", "{5DDE9EBC-5708-4AB0-ACA1-D2C685BB1305}"
EndProject
Project("{FAE04EC0-301F-11D3-BF4B-00C04F79EFBC}") = "ACTest", "ACTest\ACTest\ACTest.csproj", "{A99C65FE-ED8E-4A9C-A13A-979884C63B17}"
EndProject
Global
	GlobalSection(SolutionConfigurationPlatforms) = preSolution
		Ad-Hoc|Any CPU = Ad-Hoc|Any CPU
		Ad-Hoc|iPhone = Ad-Hoc|iPhone
		Ad-Hoc|iPhoneSimulator = Ad-Hoc|iPhoneSimulator
		AppStore|Any CPU = AppStore|Any CPU
		AppStore|iPhone = AppStore|iPhone
		AppStore|iPhoneSimulator = AppStore|iPhoneSimulator
		Debug|Any CPU = Debug|Any CPU
		Debug|iPhone = Debug|iPhone
		Debug|iPhoneSimulator = Debug|iPhoneSimulator
		Release|Any CPU = Release|Any CPU
		Release|iPhone = Release|iPhone
		Release|iPhoneSimulator = Release|iPhoneSimulator
	EndGlobalSection
	GlobalSection(ProjectConfigurationPlatforms) = postSolution
		{559B9F39-4237-4EB4-A243-9F9C40828FD1}.Ad-Hoc|Any CPU.ActiveCfg = Release|Any CPU
		{559B9F39-4237-4EB4-A243-9F9C40828FD1}.Ad-Hoc|Any CPU.Build.0 = Release|Any CPU
		{559B9F39-4237-4EB4-A243-9F9C40828FD1}.Ad-Hoc|Any CPU.Deploy.0 = Release|Any CPU
		{559B9F39-4237-4EB4-A243-9F9C40828FD1}.Ad-Hoc|iPhone.ActiveCfg = Release|Any CPU
		{559B9F39-4237-4EB4-A243-9F9C40828FD1}.Ad-Hoc|iPhone.Build.0 = Release|Any CPU
		{559B9F39-4237-4EB4-A243-9F9C40828FD1}.Ad-Hoc|iPhone.Deploy.0 = Release|Any CPU
		{559B9F39-4237-4EB4-A243-9F9C40828FD1}.Ad-Hoc|iPhoneSimulator.ActiveCfg = Release|Any CPU
		{559B9F39-4237-4EB4-A243-9F9C40828FD1}.Ad-Hoc|iPhoneSimulator.Build.0 = Release|Any CPU
		{559B9F39-4237-4EB4-A243-9F9C40828FD1}.Ad-Hoc|iPhoneSimulator.Deploy.0 = Release|Any CPU
		{559B9F39-4237-4EB4-A243-9F9C40828FD1}.AppStore|Any CPU.ActiveCfg = Release|Any CPU
		{559B9F39-4237-4EB4-A243-9F9C40828FD1}.AppStore|Any CPU.Build.0 = Release|Any CPU
		{559B9F39-4237-4EB4-A243-9F9C40828FD1}.AppStore|Any CPU.Deploy.0 = Release|Any CPU
		{559B9F39-4237-4EB4-A243-9F9C40828FD1}.AppStore|iPhone.ActiveCfg = Release|Any CPU
		{559B9F39-4237-4EB4-A243-9F9C40828FD1}.AppStore|iPhone.Build.0 = Release|Any CPU
		{559B9F39-4237-4EB4-A243-9F9C40828FD1}.AppStore|iPhone.Deploy.0 = Release|Any CPU
		{559B9F39-4237-4EB4-A243-9F9C40828FD1}.AppStore|iPhoneSimulator.ActiveCfg = Release|Any CPU
		{559B9F39-4237-4EB4-A243-9F9C40828FD1}.AppStore|iPhoneSimulator.Build.0 = Release|Any CPU
		{559B9F39-4237-4EB4-A243-9F9C40828FD1}.AppStore|iPhoneSimulator.Deploy.0 = Release|Any CPU
		{559B9F39-4237-4EB4-A243-9F9C40828FD1}.Debug|Any CPU.ActiveCfg = Debug|Any CPU
		{559B9F39-4237-4EB4-A243-9F9C40828FD1}.Debug|Any CPU.Build.0 = Debug|Any CPU
		{559B9F39-4237-4EB4-A243-9F9C40828FD1}.Debug|Any CPU.Deploy.0 = Debug|Any CPU
		{559B9F39-4237-4EB4-A243-9F9C40828FD1}.Debug|iPhone.ActiveCfg = Debug|Any CPU
		{559B9F39-4237-4EB4-A243-9F9C40828FD1}.Debug|iPhone.Build.0 = Debug|Any CPU
		{559B9F39-4237-4EB4-A243-9F9C40828FD1}.Debug|iPhone.Deploy.0 = Debug|Any CPU
		{559B9F39-4237-4EB4-A243-9F9C40828FD1}.Debug|iPhoneSimulator.ActiveCfg = Debug|Any CPU
		{559B9F39-4237-4EB4-A243-9F9C40828FD1}.Debug|iPhoneSimulator.Build.0 = Debug|Any CPU
		{559B9F39-4237-4EB4-A243-9F9C40828FD1}.Debug|iPhoneSimulator.Deploy.0 = Debug|Any CPU
		{559B9F39-4237-4EB4-A243-9F9C40828FD1}.Release|Any CPU.ActiveCfg = Release|Any CPU
		{559B9F39-4237-4EB4-A243-9F9C40828FD1}.Release|Any CPU.Build.0 = Release|Any CPU
		{559B9F39-4237-4EB4-A243-9F9C40828FD1}.Release|Any CPU.Deploy.0 = Release|Any CPU
		{559B9F39-4237-4EB4-A243-9F9C40828FD1}.Release|iPhone.ActiveCfg = Release|Any CPU
		{559B9F39-4237-4EB4-A243-9F9C40828FD1}.Release|iPhone.Build.0 = Release|Any CPU
		{559B9F39-4237-4EB4-A243-9F9C40828FD1}.Release|iPhone.Deploy.0 = Release|Any CPU
		{559B9F39-4237-4EB4-A243-9F9C40828FD1}.Release|iPhoneSimulator.ActiveCfg = Release|Any CPU
		{559B9F39-4237-4EB4-A243-9F9C40828FD1}.Release|iPhoneSimulator.Build.0 = Release|Any CPU
		{559B9F39-4237-4EB4-A243-9F9C40828FD1}.Release|iPhoneSimulator.Deploy.0 = Release|Any CPU
		{5DDE9EBC-5708-4AB0-ACA1-D2C685BB1305}.Ad-Hoc|Any CPU.ActiveCfg = Ad-Hoc|iPhone
		{5DDE9EBC-5708-4AB0-ACA1-D2C685BB1305}.Ad-Hoc|Any CPU.Build.0 = Ad-Hoc|iPhone
		{5DDE9EBC-5708-4AB0-ACA1-D2C685BB1305}.Ad-Hoc|Any CPU.Deploy.0 = Ad-Hoc|iPhone
		{5DDE9EBC-5708-4AB0-ACA1-D2C685BB1305}.Ad-Hoc|iPhone.ActiveCfg = Ad-Hoc|iPhone
		{5DDE9EBC-5708-4AB0-ACA1-D2C685BB1305}.Ad-Hoc|iPhone.Build.0 = Ad-Hoc|iPhone
		{5DDE9EBC-5708-4AB0-ACA1-D2C685BB1305}.Ad-Hoc|iPhone.Deploy.0 = Ad-Hoc|iPhone
		{5DDE9EBC-5708-4AB0-ACA1-D2C685BB1305}.Ad-Hoc|iPhoneSimulator.ActiveCfg = Ad-Hoc|iPhoneSimulator
		{5DDE9EBC-5708-4AB0-ACA1-D2C685BB1305}.Ad-Hoc|iPhoneSimulator.Build.0 = Ad-Hoc|iPhoneSimulator
		{5DDE9EBC-5708-4AB0-ACA1-D2C685BB1305}.Ad-Hoc|iPhoneSimulator.Deploy.0 = Ad-Hoc|iPhoneSimulator
		{5DDE9EBC-5708-4AB0-ACA1-D2C685BB1305}.AppStore|Any CPU.ActiveCfg = AppStore|iPhone
		{5DDE9EBC-5708-4AB0-ACA1-D2C685BB1305}.AppStore|Any CPU.Build.0 = AppStore|iPhone
		{5DDE9EBC-5708-4AB0-ACA1-D2C685BB1305}.AppStore|Any CPU.Deploy.0 = AppStore|iPhone
		{5DDE9EBC-5708-4AB0-ACA1-D2C685BB1305}.AppStore|iPhone.ActiveCfg = AppStore|iPhone
		{5DDE9EBC-5708-4AB0-ACA1-D2C685BB1305}.AppStore|iPhone.Build.0 = AppStore|iPhone
		{5DDE9EBC-5708-4AB0-ACA1-D2C685BB1305}.AppStore|iPhone.Deploy.0 = AppStore|iPhone
		{5DDE9EBC-5708-4AB0-ACA1-D2C685BB1305}.AppStore|iPhoneSimulator.ActiveCfg = AppStore|iPhoneSimulator
		{5DDE9EBC-5708-4AB0-ACA1-D2C685BB1305}.AppStore|iPhoneSimulator.Build.0 = AppStore|iPhoneSimulator
		{5DDE9EBC-5708-4AB0-ACA1-D2C685BB1305}.AppStore|iPhoneSimulator.Deploy.0 = AppStore|iPhoneSimulator
		{5DDE9EBC-5708-4AB0-ACA1-D2C685BB1305}.Debug|Any CPU.ActiveCfg = Debug|iPhoneSimulator
		{5DDE9EBC-5708-4AB0-ACA1-D2C685BB1305}.Debug|Any CPU.Build.0 = Debug|iPhoneSimulator
		{5DDE9EBC-5708-4AB0-ACA1-D2C685BB1305}.Debug|Any CPU.Deploy.0 = Debug|iPhoneSimulator
		{5DDE9EBC-5708-4AB0-ACA1-D2C685BB1305}.Debug|iPhone.ActiveCfg = Debug|iPhone
		{5DDE9EBC-5708-4AB0-ACA1-D2C685BB1305}.Debug|iPhone.Build.0 = Debug|iPhone
		{5DDE9EBC-5708-4AB0-ACA1-D2C685BB1305}.Debug|iPhone.Deploy.0 = Debug|iPhone
		{5DDE9EBC-5708-4AB0-ACA1-D2C685BB1305}.Debug|iPhoneSimulator.ActiveCfg = Debug|iPhoneSimulator
		{5DDE9EBC-5708-4AB0-ACA1-D2C685BB1305}.Debug|iPhoneSimulator.Build.0 = Debug|iPhoneSimulator
		{5DDE9EBC-5708-4AB0-ACA1-D2C685BB1305}.Debug|iPhoneSimulator.Deploy.0 = Debug|iPhoneSimulator
		{5DDE9EBC-5708-4AB0-ACA1-D2C685BB1305}.Release|Any CPU.ActiveCfg = Release|iPhone
		{5DDE9EBC-5708-4AB0-ACA1-D2C685BB1305}.Release|Any CPU.Build.0 = Release|iPhone
		{5DDE9EBC-5708-4AB0-ACA1-D2C685BB1305}.Release|Any CPU.Deploy.0 = Release|iPhone
		{5DDE9EBC-5708-4AB0-ACA1-D2C685BB1305}.Release|iPhone.ActiveCfg = Release|iPhone
		{5DDE9EBC-5708-4AB0-ACA1-D2C685BB1305}.Release|iPhone.Build.0 = Release|iPhone
		{5DDE9EBC-5708-4AB0-ACA1-D2C685BB1305}.Release|iPhone.Deploy.0 = Release|iPhone
		{5DDE9EBC-5708-4AB0-ACA1-D2C685BB1305}.Release|iPhoneSimulator.ActiveCfg = Release|iPhoneSimulator
		{5DDE9EBC-5708-4AB0-ACA1-D2C685BB1305}.Release|iPhoneSimulator.Build.0 = Release|iPhoneSimulator
		{5DDE9EBC-5708-4AB0-ACA1-D2C685BB1305}.Release|iPhoneSimulator.Deploy.0 = Release|iPhoneSimulator
		{A99C65FE-ED8E-4A9C-A13A-979884C63B17}.Ad-Hoc|Any CPU.ActiveCfg = Debug|Any CPU
		{A99C65FE-ED8E-4A9C-A13A-979884C63B17}.Ad-Hoc|Any CPU.Build.0 = Debug|Any CPU
		{A99C65FE-ED8E-4A9C-A13A-979884C63B17}.Ad-Hoc|Any CPU.Deploy.0 = Debug|Any CPU
		{A99C65FE-ED8E-4A9C-A13A-979884C63B17}.Ad-Hoc|iPhone.ActiveCfg = Debug|Any CPU
		{A99C65FE-ED8E-4A9C-A13A-979884C63B17}.Ad-Hoc|iPhone.Build.0 = Debug|Any CPU
		{A99C65FE-ED8E-4A9C-A13A-979884C63B17}.Ad-Hoc|iPhone.Deploy.0 = Debug|Any CPU
		{A99C65FE-ED8E-4A9C-A13A-979884C63B17}.Ad-Hoc|iPhoneSimulator.ActiveCfg = Debug|Any CPU
		{A99C65FE-ED8E-4A9C-A13A-979884C63B17}.Ad-Hoc|iPhoneSimulator.Build.0 = Debug|Any CPU
		{A99C65FE-ED8E-4A9C-A13A-979884C63B17}.Ad-Hoc|iPhoneSimulator.Deploy.0 = Debug|Any CPU
		{A99C65FE-ED8E-4A9C-A13A-979884C63B17}.AppStore|Any CPU.ActiveCfg = Debug|Any CPU
		{A99C65FE-ED8E-4A9C-A13A-979884C63B17}.AppStore|Any CPU.Build.0 = Debug|Any CPU
		{A99C65FE-ED8E-4A9C-A13A-979884C63B17}.AppStore|Any CPU.Deploy.0 = Debug|Any CPU
		{A99C65FE-ED8E-4A9C-A13A-979884C63B17}.AppStore|iPhone.ActiveCfg = Debug|Any CPU
		{A99C65FE-ED8E-4A9C-A13A-979884C63B17}.AppStore|iPhone.Build.0 = Debug|Any CPU
		{A99C65FE-ED8E-4A9C-A13A-979884C63B17}.AppStore|iPhone.Deploy.0 = Debug|Any CPU
		{A99C65FE-ED8E-4A9C-A13A-979884C63B17}.AppStore|iPhoneSimulator.ActiveCfg = Debug|Any CPU
		{A99C65FE-ED8E-4A9C-A13A-979884C63B17}.AppStore|iPhoneSimulator.Build.0 = Debug|Any CPU
		{A99C65FE-ED8E-4A9C-A13A-979884C63B17}.AppStore|iPhoneSimulator.Deploy.0 = Debug|Any CPU
		{A99C65FE-ED8E-4A9C-A13A-979884C63B17}.Debug|Any CPU.ActiveCfg = Debug|Any CPU
		{A99C65FE-ED8E-4A9C-A13A-979884C63B17}.Debug|Any CPU.Build.0 = Debug|Any CPU
		{A99C65FE-ED8E-4A9C-A13A-979884C63B17}.Debug|Any CPU.Deploy.0 = Debug|Any CPU
		{A99C65FE-ED8E-4A9C-A13A-979884C63B17}.Debug|iPhone.ActiveCfg = Debug|Any CPU
		{A99C65FE-ED8E-4A9C-A13A-979884C63B17}.Debug|iPhone.Build.0 = Debug|Any CPU
		{A99C65FE-ED8E-4A9C-A13A-979884C63B17}.Debug|iPhone.Deploy.0 = Debug|Any CPU
		{A99C65FE-ED8E-4A9C-A13A-979884C63B17}.Debug|iPhoneSimulator.ActiveCfg = Debug|Any CPU
		{A99C65FE-ED8E-4A9C-A13A-979884C63B17}.Debug|iPhoneSimulator.Build.0 = Debug|Any CPU
		{A99C65FE-ED8E-4A9C-A13A-979884C63B17}.Debug|iPhoneSimulator.Deploy.0 = Debug|Any CPU
		{A99C65FE-ED8E-4A9C-A13A-979884C63B17}.Release|Any CPU.ActiveCfg = Release|Any CPU
		{A99C65FE-ED8E-4A9C-A13A-979884C63B17}.Release|Any CPU.Build.0 = Release|Any CPU
		{A99C65FE-ED8E-4A9C-A13A-979884C63B17}.Release|Any CPU.Deploy.0 = Release|Any CPU
		{A99C65FE-ED8E-4A9C-A13A-979884C63B17}.Release|iPhone.ActiveCfg = Release|Any CPU
		{A99C65FE-ED8E-4A9C-A13A-979884C63B17}.Release|iPhone.Build.0 = Release|Any CPU
		{A99C65FE-ED8E-4A9C-A13A-979884C63B17}.Release|iPhone.Deploy.0 = Release|Any CPU
		{A99C65FE-ED8E-4A9C-A13A-979884C63B17}.Release|iPhoneSimulator.ActiveCfg = Release|Any CPU
		{A99C65FE-ED8E-4A9C-A13A-979884C63B17}.Release|iPhoneSimulator.Build.0 = Release|Any CPU
		{A99C65FE-ED8E-4A9C-A13A-979884C63B17}.Release|iPhoneSimulator.Deploy.0 = Release|Any CPU
	EndGlobalSection
	GlobalSection(SolutionProperties) = preSolution
		HideSolutionNode = FALSE
	EndGlobalSection
	GlobalSection(ExtensibilityGlobals) = postSolution
		SolutionGuid = {FB4D846E-BB40-47DF-AD97-AEE1A9E88E06}
	EndGlobalSection
EndGlobal
